dependencies:
- name: common
  repository: https://damacus.github.io/charts
  version: 5.0.1
- name: postgresql
  repository: https://charts.bitnami.com/bitnami
  version: 16.4.16
- name: mariadb
  repository: https://charts.bitnami.com/bitnami
  version: 15.2.2
- name: influxdb
  repository: https://charts.bitnami.com/bitnami
  version: 6.0.9
digest: sha256:9aa3c60d2c375552a809624a217c4d12099b66afe12c3d40abb5b784ee83ce37
generated: "2025-03-04T02:43:26.014258073Z"
