dependencies:
- name: common
  repository: https://damacus.github.io/charts
  version: 5.0.1
- name: postgresql
  repository: https://charts.bitnami.com/bitnami
  version: 13.4.4
- name: mariadb
  repository: https://charts.bitnami.com/bitnami
  version: 15.2.2
- name: influxdb
  repository: https://charts.bitnami.com/bitnami
  version: 6.6.0
digest: sha256:6caafa6e424c1ab88685a6e1f9015f7fe3254c8e433f8fc30c4f9faa4909f89b
generated: "2025-02-27T22:15:42.632295087Z"
