dependencies:
- name: common
  repository: https://damacus.github.io/charts
  version: 5.0.1
- name: postgresql
  repository: https://charts.bitnami.com/bitnami
  version: 13.4.4
- name: mariadb
  repository: https://charts.bitnami.com/bitnami
  version: 20.4.1
- name: influxdb
  repository: https://charts.bitnami.com/bitnami
  version: 6.0.9
digest: sha256:9675f90139e4d7b4905573391775931647338bb118839b1b6e357a60fe2dd5be
generated: "2025-02-25T18:48:53.265674028Z"
